// !$*UTF8*$!
{
	archiveVersion = 1;
	classes = {
	};
	objectVersion = 46;
	objects = {

/* Begin PBXBuildFile section */
		D2B7A5381EA0EB9F0043D7C3 /* AppDelegate.swift in Sources */ = {isa = PBXBuildFile; fileRef = D2B7A5371EA0EB9F0043D7C3 /* AppDelegate.swift */; };
		D2B7A53A1EA0EB9F0043D7C3 /* ViewController.swift in Sources */ = {isa = PBXBuildFile; fileRef = D2B7A5391EA0EB9F0043D7C3 /* ViewController.swift */; };
		D2B7A53D1EA0EB9F0043D7C3 /* Main.storyboard in Resources */ = {isa = PBXBuildFile; fileRef = D2B7A53B1EA0EB9F0043D7C3 /* Main.storyboard */; };
		D2B7A53F1EA0EB9F0043D7C3 /* Assets.xcassets in Resources */ = {isa = PBXBuildFile; fileRef = D2B7A53E1EA0EB9F0043D7C3 /* Assets.xcassets */; };
		D2B7A5421EA0EB9F0043D7C3 /* LaunchScreen.storyboard in Resources */ = {isa = PBXBuildFile; fileRef = D2B7A5401EA0EB9F0043D7C3 /* LaunchScreen.storyboard */; };
		D2B7A54D1EA0EB9F0043D7C3 /* Hello_WorldTests.swift in Sources */ = {isa = PBXBuildFile; fileRef = D2B7A54C1EA0EB9F0043D7C3 /* Hello_WorldTests.swift */; };
		D2B7A5581EA0EB9F0043D7C3 /* Hello_WorldUITests.swift in Sources */ = {isa = PBXBuildFile; fileRef = D2B7A5571EA0EB9F0043D7C3 /* Hello_WorldUITests.swift */; };
/* End PBXBuildFile section */

/* Begin PBXContainerItemProxy section */
		D2B7A5491EA0EB9F0043D7C3 /* PBXContainerItemProxy */ = {
			isa = PBXContainerItemProxy;
			containerPortal = D2B7A52C1EA0EB9F0043D7C3 /* Project object */;
			proxyType = 1;
			remoteGlobalIDString = D2B7A5331EA0EB9F0043D7C3;
			remoteInfo = "Hello World";
		};
		D2B7A5541EA0EB9F0043D7C3 /* PBXContainerItemProxy */ = {
			isa = PBXContainerItemProxy;
			containerPortal = D2B7A52C1EA0EB9F0043D7C3 /* Project object */;
			proxyType = 1;
			remoteGlobalIDString = D2B7A5331EA0EB9F0043D7C3;
			remoteInfo = "Hello World";
		};
/* End PBXContainerItemProxy section */

/* Begin PBXFileReference section */
		D2B7A5341EA0EB9F0043D7C3 /* Hello World.app */ = {isa = PBXFileReference; explicitFileType = wrapper.application; includeInIndex = 0; path = "Hello World.app"; sourceTree = BUILT_PRODUCTS_DIR; };
		D2B7A5371EA0EB9F0043D7C3 /* AppDelegate.swift */ = {isa = PBXFileReference; lastKnownFileType = sourcecode.swift; path = AppDelegate.swift; sourceTree = "<group>"; };
		D2B7A5391EA0EB9F0043D7C3 /* ViewController.swift */ = {isa = PBXFileReference; lastKnownFileType = sourcecode.swift; path = ViewController.swift; sourceTree = "<group>"; };
		D2B7A53C1EA0EB9F0043D7C3 /* Base */ = {isa = PBXFileReference; lastKnownFileType = file.storyboard; name = Base; path = Base.lproj/Main.storyboard; sourceTree = "<group>"; };
		D2B7A53E1EA0EB9F0043D7C3 /* Assets.xcassets */ = {isa = PBXFileReference; lastKnownFileType = folder.assetcatalog; path = Assets.xcassets; sourceTree = "<group>"; };
		D2B7A5411EA0EB9F0043D7C3 /* Base */ = {isa = PBXFileReference; lastKnownFileType = file.storyboard; name = Base; path = Base.lproj/LaunchScreen.storyboard; sourceTree = "<group>"; };
		D2B7A5431EA0EB9F0043D7C3 /* Info.plist */ = {isa = PBXFileReference; lastKnownFileType = text.plist.xml; path = Info.plist; sourceTree = "<group>"; };
		D2B7A5481EA0EB9F0043D7C3 /* Hello WorldTests.xctest */ = {isa = PBXFileReference; explicitFileType = wrapper.cfbundle; includeInIndex = 0; path = "Hello WorldTests.xctest"; sourceTree = BUILT_PRODUCTS_DIR; };
		D2B7A54C1EA0EB9F0043D7C3 /* Hello_WorldTests.swift */ = {isa = PBXFileReference; lastKnownFileType = sourcecode.swift; path = Hello_WorldTests.swift; sourceTree = "<group>"; };
		D2B7A54E1EA0EB9F0043D7C3 /* Info.plist */ = {isa = PBXFileReference; lastKnownFileType = text.plist.xml; path = Info.plist; sourceTree = "<group>"; };
		D2B7A5531EA0EB9F0043D7C3 /* Hello WorldUITests.xctest */ = {isa = PBXFileReference; explicitFileType = wrapper.cfbundle; includeInIndex = 0; path = "Hello WorldUITests.xctest"; sourceTree = BUILT_PRODUCTS_DIR; };
		D2B7A5571EA0EB9F0043D7C3 /* Hello_WorldUITests.swift */ = {isa = PBXFileReference; lastKnownFileType = sourcecode.swift; path = Hello_WorldUITests.swift; sourceTree = "<group>"; };
		D2B7A5591EA0EB9F0043D7C3 /* Info.plist */ = {isa = PBXFileReference; lastKnownFileType = text.plist.xml; path = Info.plist; sourceTree = "<group>"; };
/* End PBXFileReference section */

/* Begin PBXFrameworksBuildPhase section */
		D2B7A5311EA0EB9F0043D7C3 /* Frameworks */ = {
			isa = PBXFrameworksBuildPhase;
			buildActionMask = 2147483647;
			files = (
			);
			runOnlyForDeploymentPostprocessing = 0;
		};
		D2B7A5451EA0EB9F0043D7C3 /* Frameworks */ = {
			isa = PBXFrameworksBuildPhase;
			buildActionMask = 2147483647;
			files = (
			);
			runOnlyForDeploymentPostprocessing = 0;
		};
		D2B7A5501EA0EB9F0043D7C3 /* Frameworks */ = {
			isa = PBXFrameworksBuildPhase;
			buildActionMask = 2147483647;
			files = (
			);
			runOnlyForDeploymentPostprocessing = 0;
		};
/* End PBXFrameworksBuildPhase section */

/* Begin PBXGroup section */
		D2B7A52B1EA0EB9F0043D7C3 = {
			isa = PBXGroup;
			children = (
				D2B7A5361EA0EB9F0043D7C3 /* Hello World */,
				D2B7A54B1EA0EB9F0043D7C3 /* Hello WorldTests */,
				D2B7A5561EA0EB9F0043D7C3 /* Hello WorldUITests */,
				D2B7A5351EA0EB9F0043D7C3 /* Products */,
			);
			sourceTree = "<group>";
		};
		D2B7A5351EA0EB9F0043D7C3 /* Products */ = {
			isa = PBXGroup;
			children = (
				D2B7A5341EA0EB9F0043D7C3 /* Hello World.app */,
				D2B7A5481EA0EB9F0043D7C3 /* Hello WorldTests.xctest */,
				D2B7A5531EA0EB9F0043D7C3 /* Hello WorldUITests.xctest */,
			);
			name = Products;
			sourceTree = "<group>";
		};
		D2B7A5361EA0EB9F0043D7C3 /* Hello World */ = {
			isa = PBXGroup;
			children = (
				D2B7A5371EA0EB9F0043D7C3 /* AppDelegate.swift */,
				D2B7A5391EA0EB9F0043D7C3 /* ViewController.swift */,
				D2B7A53B1EA0EB9F0043D7C3 /* Main.storyboard */,
				D2B7A53E1EA0EB9F0043D7C3 /* Assets.xcassets */,
				D2B7A5401EA0EB9F0043D7C3 /* LaunchScreen.storyboard */,
				D2B7A5431EA0EB9F0043D7C3 /* Info.plist */,
			);
			path = "Hello World";
			sourceTree = "<group>";
		};
		D2B7A54B1EA0EB9F0043D7C3 /* Hello WorldTests */ = {
			isa = PBXGroup;
			children = (
				D2B7A54C1EA0EB9F0043D7C3 /* Hello_WorldTests.swift */,
				D2B7A54E1EA0EB9F0043D7C3 /* Info.plist */,
			);
			path = "Hello WorldTests";
			sourceTree = "<group>";
		};
		D2B7A5561EA0EB9F0043D7C3 /* Hello WorldUITests */ = {
			isa = PBXGroup;
			children = (
				D2B7A5571EA0EB9F0043D7C3 /* Hello_WorldUITests.swift */,
				D2B7A5591EA0EB9F0043D7C3 /* Info.plist */,
			);
			path = "Hello WorldUITests";
			sourceTree = "<group>";
		};
/* End PBXGroup section */

/* Begin PBXNativeTarget section */
		D2B7A5331EA0EB9F0043D7C3 /* Hello World */ = {
			isa = PBXNativeTarget;
			buildConfigurationList = D2B7A55C1EA0EB9F0043D7C3 /* Build configuration list for PBXNativeTarget "Hello World" */;
			buildPhases = (
				D2B7A5301EA0EB9F0043D7C3 /* Sources */,
				D2B7A5311EA0EB9F0043D7C3 /* Frameworks */,
				D2B7A5321EA0EB9F0043D7C3 /* Resources */,
			);
			buildRules = (
			);
			dependencies = (
			);
			name = "Hello World";
			productName = "Hello World";
			productReference = D2B7A5341EA0EB9F0043D7C3 /* Hello World.app */;
			productType = "com.apple.product-type.application";
		};
		D2B7A5471EA0EB9F0043D7C3 /* Hello WorldTests */ = {
			isa = PBXNativeTarget;
			buildConfigurationList = D2B7A55F1EA0EB9F0043D7C3 /* Build configuration list for PBXNativeTarget "Hello WorldTests" */;
			buildPhases = (
				D2B7A5441EA0EB9F0043D7C3 /* Sources */,
				D2B7A5451EA0EB9F0043D7C3 /* Frameworks */,
				D2B7A5461EA0EB9F0043D7C3 /* Resources */,
			);
			buildRules = (
			);
			dependencies = (
				D2B7A54A1EA0EB9F0043D7C3 /* PBXTargetDependency */,
			);
			name = "Hello WorldTests";
			productName = "Hello WorldTests";
			productReference = D2B7A5481EA0EB9F0043D7C3 /* Hello WorldTests.xctest */;
			productType = "com.apple.product-type.bundle.unit-test";
		};
		D2B7A5521EA0EB9F0043D7C3 /* Hello WorldUITests */ = {
			isa = PBXNativeTarget;
			buildConfigurationList = D2B7A5621EA0EB9F0043D7C3 /* Build configuration list for PBXNativeTarget "Hello WorldUITests" */;
			buildPhases = (
				D2B7A54F1EA0EB9F0043D7C3 /* Sources */,
				D2B7A5501EA0EB9F0043D7C3 /* Frameworks */,
				D2B7A5511EA0EB9F0043D7C3 /* Resources */,
			);
			buildRules = (
			);
			dependencies = (
				D2B7A5551EA0EB9F0043D7C3 /* PBXTargetDependency */,
			);
			name = "Hello WorldUITests";
			productName = "Hello WorldUITests";
			productReference = D2B7A5531EA0EB9F0043D7C3 /* Hello WorldUITests.xctest */;
			productType = "com.apple.product-type.bundle.ui-testing";
		};
/* End PBXNativeTarget section */

/* Begin PBXProject section */
		D2B7A52C1EA0EB9F0043D7C3 /* Project object */ = {
			isa = PBXProject;
			attributes = {
				LastSwiftUpdateCheck = 0830;
				LastUpgradeCheck = 0830;
				ORGANIZATIONNAME = taiki.itou;
				TargetAttributes = {
					D2B7A5331EA0EB9F0043D7C3 = {
						CreatedOnToolsVersion = 8.3.1;
						ProvisioningStyle = Automatic;
					};
					D2B7A5471EA0EB9F0043D7C3 = {
						CreatedOnToolsVersion = 8.3.1;
						ProvisioningStyle = Automatic;
						TestTargetID = D2B7A5331EA0EB9F0043D7C3;
					};
					D2B7A5521EA0EB9F0043D7C3 = {
						CreatedOnToolsVersion = 8.3.1;
						ProvisioningStyle = Automatic;
						TestTargetID = D2B7A5331EA0EB9F0043D7C3;
					};
				};
			};
			buildConfigurationList = D2B7A52F1EA0EB9F0043D7C3 /* Build configuration list for PBXProject "Hello World" */;
			compatibilityVersion = "Xcode 3.2";
			developmentRegion = English;
			hasScannedForEncodings = 0;
			knownRegions = (
				en,
				Base,
			);
			mainGroup = D2B7A52B1EA0EB9F0043D7C3;
			productRefGroup = D2B7A5351EA0EB9F0043D7C3 /* Products */;
			projectDirPath = "";
			projectRoot = "";
			targets = (
				D2B7A5331EA0EB9F0043D7C3 /* Hello World */,
				D2B7A5471EA0EB9F0043D7C3 /* Hello WorldTests */,
				D2B7A5521EA0EB9F0043D7C3 /* Hello WorldUITests */,
			);
		};
/* End PBXProject section */

/* Begin PBXResourcesBuildPhase section */
		D2B7A5321EA0EB9F0043D7C3 /* Resources */ = {
			isa = PBXResourcesBuildPhase;
			buildActionMask = 2147483647;
			files = (
				D2B7A5421EA0EB9F0043D7C3 /* LaunchScreen.storyboard in Resources */,
				D2B7A53F1EA0EB9F0043D7C3 /* Assets.xcassets in Resources */,
				D2B7A53D1EA0EB9F0043D7C3 /* Main.storyboard in Resources */,
			);
			runOnlyForDeploymentPostprocessing = 0;
		};
		D2B7A5461EA0EB9F0043D7C3 /* Resources */ = {
			isa = PBXResourcesBuildPhase;
			buildActionMask = 2147483647;
			files = (
			);
			runOnlyForDeploymentPostprocessing = 0;
		};
		D2B7A5511EA0EB9F0043D7C3 /* Resources */ = {
			isa = PBXResourcesBuildPhase;
			buildActionMask = 2147483647;
			files = (
			);
			runOnlyForDeploymentPostprocessing = 0;
		};
/* End PBXResourcesBuildPhase section */

/* Begin PBXSourcesBuildPhase section */
		D2B7A5301EA0EB9F0043D7C3 /* Sources */ = {
			isa = PBXSourcesBuildPhase;
			buildActionMask = 2147483647;
			files = (
				D2B7A53A1EA0EB9F0043D7C3 /* ViewController.swift in Sources */,
				D2B7A5381EA0EB9F0043D7C3 /* AppDelegate.swift in Sources */,
			);
			runOnlyForDeploymentPostprocessing = 0;
		};
		D2B7A5441EA0EB9F0043D7C3 /* Sources */ = {
			isa = PBXSourcesBuildPhase;
			buildActionMask = 2147483647;
			files = (
				D2B7A54D1EA0EB9F0043D7C3 /* Hello_WorldTests.swift in Sources */,
			);
			runOnlyForDeploymentPostprocessing = 0;
		};
		D2B7A54F1EA0EB9F0043D7C3 /* Sources */ = {
			isa = PBXSourcesBuildPhase;
			buildActionMask = 2147483647;
			files = (
				D2B7A5581EA0EB9F0043D7C3 /* Hello_WorldUITests.swift in Sources */,
			);
			runOnlyForDeploymentPostprocessing = 0;
		};
/* End PBXSourcesBuildPhase section */

/* Begin PBXTargetDependency section */
		D2B7A54A1EA0EB9F0043D7C3 /* PBXTargetDependency */ = {
			isa = PBXTargetDependency;
			target = D2B7A5331EA0EB9F0043D7C3 /* Hello World */;
			targetProxy = D2B7A5491EA0EB9F0043D7C3 /* PBXContainerItemProxy */;
		};
		D2B7A5551EA0EB9F0043D7C3 /* PBXTargetDependency */ = {
			isa = PBXTargetDependency;
			target = D2B7A5331EA0EB9F0043D7C3 /* Hello World */;
			targetProxy = D2B7A5541EA0EB9F0043D7C3 /* PBXContainerItemProxy */;
		};
/* End PBXTargetDependency section */

/* Begin PBXVariantGroup section */
		D2B7A53B1EA0EB9F0043D7C3 /* Main.storyboard */ = {
			isa = PBXVariantGroup;
			children = (
				D2B7A53C1EA0EB9F0043D7C3 /* Base */,
			);
			name = Main.storyboard;
			sourceTree = "<group>";
		};
		D2B7A5401EA0EB9F0043D7C3 /* LaunchScreen.storyboard */ = {
			isa = PBXVariantGroup;
			children = (
				D2B7A5411EA0EB9F0043D7C3 /* Base */,
			);
			name = LaunchScreen.storyboard;
			sourceTree = "<group>";
		};
/* End PBXVariantGroup section */

/* Begin XCBuildConfiguration section */
		D2B7A55A1EA0EB9F0043D7C3 /* Debug */ = {
			isa = XCBuildConfiguration;
			buildSettings = {
				ALWAYS_SEARCH_USER_PATHS = NO;
				CLANG_ANALYZER_NONNULL = YES;
				CLANG_ANALYZER_NUMBER_OBJECT_CONVERSION = YES_AGGRESSIVE;
				CLANG_CXX_LANGUAGE_STANDARD = "gnu++0x";
				CLANG_CXX_LIBRARY = "libc++";
				CLANG_ENABLE_MODULES = YES;
				CLANG_ENABLE_OBJC_ARC = YES;
				CLANG_WARN_BOOL_CONVERSION = YES;
				CLANG_WARN_CONSTANT_CONVERSION = YES;
				CLANG_WARN_DIRECT_OBJC_ISA_USAGE = YES_ERROR;
				CLANG_WARN_DOCUMENTATION_COMMENTS = YES;
				CLANG_WARN_EMPTY_BODY = YES;
				CLANG_WARN_ENUM_CONVERSION = YES;
				CLANG_WARN_INFINITE_RECURSION = YES;
				CLANG_WARN_INT_CONVERSION = YES;
				CLANG_WARN_OBJC_ROOT_CLASS = YES_ERROR;
				CLANG_WARN_SUSPICIOUS_MOVE = YES;
				CLANG_WARN_UNREACHABLE_CODE = YES;
				CLANG_WARN__DUPLICATE_METHOD_MATCH = YES;
				"CODE_SIGN_IDENTITY[sdk=iphoneos*]" = "iPhone Developer";
				COPY_PHASE_STRIP = NO;
				DEBUG_INFORMATION_FORMAT = dwarf;
				ENABLE_STRICT_OBJC_MSGSEND = YES;
				ENABLE_TESTABILITY = YES;
				GCC_C_LANGUAGE_STANDARD = gnu99;
				GCC_DYNAMIC_NO_PIC = NO;
				GCC_NO_COMMON_BLOCKS = YES;
				GCC_OPTIMIZATION_LEVEL = 0;
				GCC_PREPROCESSOR_DEFINITIONS = (
					"DEBUG=1",
					"$(inherited)",
				);
				GCC_WARN_64_TO_32_BIT_CONVERSION = YES;
				GCC_WARN_ABOUT_RETURN_TYPE = YES_ERROR;
				GCC_WARN_UNDECLARED_SELECTOR = YES;
				GCC_WARN_UNINITIALIZED_AUTOS = YES_AGGRESSIVE;
				GCC_WARN_UNUSED_FUNCTION = YES;
				GCC_WARN_UNUSED_VARIABLE = YES;
				IPHONEOS_DEPLOYMENT_TARGET = 10.3;
				MTL_ENABLE_DEBUG_INFO = YES;
				ONLY_ACTIVE_ARCH = YES;
				SDKROOT = iphoneos;
				SWIFT_ACTIVE_COMPILATION_CONDITIONS = DEBUG;
				SWIFT_OPTIMIZATION_LEVEL = "-Onone";
			};
			name = Debug;
		};
		D2B7A55B1EA0EB9F0043D7C3 /* Release */ = {
			isa = XCBuildConfiguration;
			buildSettings = {
				ALWAYS_SEARCH_USER_PATHS = NO;
				CLANG_ANALYZER_NONNULL = YES;
				CLANG_ANALYZER_NUMBER_OBJECT_CONVERSION = YES_AGGRESSIVE;
				CLANG_CXX_LANGUAGE_STANDARD = "gnu++0x";
				CLANG_CXX_LIBRARY = "libc++";
				CLANG_ENABLE_MODULES = YES;
				CLANG_ENABLE_OBJC_ARC = YES;
				CLANG_WARN_BOOL_CONVERSION = YES;
				CLANG_WARN_CONSTANT_CONVERSION = YES;
				CLANG_WARN_DIRECT_OBJC_ISA_USAGE = YES_ERROR;
				CLANG_WARN_DOCUMENTATION_COMMENTS = YES;
				CLANG_WARN_EMPTY_BODY = YES;
				CLANG_WARN_ENUM_CONVERSION = YES;
				CLANG_WARN_INFINITE_RECURSION = YES;
				CLANG_WARN_INT_CONVERSION = YES;
				CLANG_WARN_OBJC_ROOT_CLASS = YES_ERROR;
				CLANG_WARN_SUSPICIOUS_MOVE = YES;
				CLANG_WARN_UNREACHABLE_CODE = YES;
				CLANG_WARN__DUPLICATE_METHOD_MATCH = YES;
				"CODE_SIGN_IDENTITY[sdk=iphoneos*]" = "iPhone Developer";
				COPY_PHASE_STRIP = NO;
				DEBUG_INFORMATION_FORMAT = "dwarf-with-dsym";
				ENABLE_NS_ASSERTIONS = NO;
				ENABLE_STRICT_OBJC_MSGSEND = YES;
				GCC_C_LANGUAGE_STANDARD = gnu99;
				GCC_NO_COMMON_BLOCKS = YES;
				GCC_WARN_64_TO_32_BIT_CONVERSION = YES;
				GCC_WARN_ABOUT_RETURN_TYPE = YES_ERROR;
				GCC_WARN_UNDECLARED_SELECTOR = YES;
				GCC_WARN_UNINITIALIZED_AUTOS = YES_AGGRESSIVE;
				GCC_WARN_UNUSED_FUNCTION = YES;
				GCC_WARN_UNUSED_VARIABLE = YES;
				IPHONEOS_DEPLOYMENT_TARGET = 10.3;
				MTL_ENABLE_DEBUG_INFO = NO;
				SDKROOT = iphoneos;
				SWIFT_OPTIMIZATION_LEVEL = "-Owholemodule";
				VALIDATE_PRODUCT = YES;
			};
			name = Release;
		};
		D2B7A55D1EA0EB9F0043D7C3 /* Debug */ = {
			isa = XCBuildConfiguration;
			buildSettings = {
				ASSETCATALOG_COMPILER_APPICON_NAME = AppIcon;
				INFOPLIST_FILE = "Hello World/Info.plist";
				LD_RUNPATH_SEARCH_PATHS = "$(inherited) @executable_path/Frameworks";
				PRODUCT_BUNDLE_IDENTIFIER = "jp.techacademy.taiki.itou.Hello-World";
				PRODUCT_NAME = "$(TARGET_NAME)";
				SWIFT_VERSION = 3.0;
			};
			name = Debug;
		};
		D2B7A55E1EA0EB9F0043D7C3 /* Release */ = {
			isa = XCBuildConfiguration;
			buildSettings = {
				ASSETCATALOG_COMPILER_APPICON_NAME = AppIcon;
				INFOPLIST_FILE = "Hello World/Info.plist";
				LD_RUNPATH_SEARCH_PATHS = "$(inherited) @executable_path/Frameworks";
				PRODUCT_BUNDLE_IDENTIFIER = "jp.techacademy.taiki.itou.Hello-World";
				PRODUCT_NAME = "$(TARGET_NAME)";
				SWIFT_VERSION = 3.0;
			};
			name = Release;
		};
		D2B7A5601EA0EB9F0043D7C3 /* Debug */ = {
			isa = XCBuildConfiguration;
			buildSettings = {
				ALWAYS_EMBED_SWIFT_STANDARD_LIBRARIES = YES;
				BUNDLE_LOADER = "$(TEST_HOST)";
				INFOPLIST_FILE = "Hello WorldTests/Info.plist";
				LD_RUNPATH_SEARCH_PATHS = "$(inherited) @executable_path/Frameworks @loader_path/Frameworks";
				PRODUCT_BUNDLE_IDENTIFIER = "jp.techacademy.taiki.itou.Hello-WorldTests";
				PRODUCT_NAME = "$(TARGET_NAME)";
				SWIFT_VERSION = 3.0;
				TEST_HOST = "$(BUILT_PRODUCTS_DIR)/Hello World.app/Hello World";
			};
			name = Debug;
		};
		D2B7A5611EA0EB9F0043D7C3 /* Release */ = {
			isa = XCBuildConfiguration;
			buildSettings = {
				ALWAYS_EMBED_SWIFT_STANDARD_LIBRARIES = YES;
				BUNDLE_LOADER = "$(TEST_HOST)";
				INFOPLIST_FILE = "Hello WorldTests/Info.plist";
				LD_RUNPATH_SEARCH_PATHS = "$(inherited) @executable_path/Frameworks @loader_path/Frameworks";
				PRODUCT_BUNDLE_IDENTIFIER = "jp.techacademy.taiki.itou.Hello-WorldTests";
				PRODUCT_NAME = "$(TARGET_NAME)";
				SWIFT_VERSION = 3.0;
				TEST_HOST = "$(BUILT_PRODUCTS_DIR)/Hello World.app/Hello World";
			};
			name = Release;
		};
		D2B7A5631EA0EB9F0043D7C3 /* Debug */ = {
			isa = XCBuildConfiguration;
			buildSettings = {
				ALWAYS_EMBED_SWIFT_STANDARD_LIBRARIES = YES;
				INFOPLIST_FILE = "Hello WorldUITests/Info.plist";
				LD_RUNPATH_SEARCH_PATHS = "$(inherited) @executable_path/Frameworks @loader_path/Frameworks";
				PRODUCT_BUNDLE_IDENTIFIER = "jp.techacademy.taiki.itou.Hello-WorldUITests";
				PRODUCT_NAME = "$(TARGET_NAME)";
				SWIFT_VERSION = 3.0;
				TEST_TARGET_NAME = "Hello World";
			};
			name = Debug;
		};
		D2B7A5641EA0EB9F0043D7C3 /* Release */ = {
			isa = XCBuildConfiguration;
			buildSettings = {
				ALWAYS_EMBED_SWIFT_STANDARD_LIBRARIES = YES;
				INFOPLIST_FILE = "Hello WorldUITests/Info.plist";
				LD_RUNPATH_SEARCH_PATHS = "$(inherited) @executable_path/Frameworks @loader_path/Frameworks";
				PRODUCT_BUNDLE_IDENTIFIER = "jp.techacademy.taiki.itou.Hello-WorldUITests";
				PRODUCT_NAME = "$(TARGET_NAME)";
				SWIFT_VERSION = 3.0;
				TEST_TARGET_NAME = "Hello World";
			};
			name = Release;
		};
/* End XCBuildConfiguration section */

/* Begin XCConfigurationList section */
		D2B7A52F1EA0EB9F0043D7C3 /* Build configuration list for PBXProject "Hello World" */ = {
			isa = XCConfigurationList;
			buildConfigurations = (
				D2B7A55A1EA0EB9F0043D7C3 /* Debug */,
				D2B7A55B1EA0EB9F0043D7C3 /* Release */,
			);
			defaultConfigurationIsVisible = 0;
			defaultConfigurationName = Release;
		};
		D2B7A55C1EA0EB9F0043D7C3 /* Build configuration list for PBXNativeTarget "Hello World" */ = {
			isa = XCConfigurationList;
			buildConfigurations = (
				D2B7A55D1EA0EB9F0043D7C3 /* Debug */,
				D2B7A55E1EA0EB9F0043D7C3 /* Release */,
			);
			defaultConfigurationIsVisible = 0;
		};
		D2B7A55F1EA0EB9F0043D7C3 /* Build configuration list for PBXNativeTarget "Hello WorldTests" */ = {
			isa = XCConfigurationList;
			buildConfigurations = (
				D2B7A5601EA0EB9F0043D7C3 /* Debug */,
				D2B7A5611EA0EB9F0043D7C3 /* Release */,
			);
			defaultConfigurationIsVisible = 0;
		};
		D2B7A5621EA0EB9F0043D7C3 /* Build configuration list for PBXNativeTarget "Hello WorldUITests" */ = {
			isa = XCConfigurationList;
			buildConfigurations = (
				D2B7A5631EA0EB9F0043D7C3 /* Debug */,
				D2B7A5641EA0EB9F0043D7C3 /* Release */,
			);
			defaultConfigurationIsVisible = 0;
		};
/* End XCConfigurationList section */
	};
	rootObject = D2B7A52C1EA0EB9F0043D7C3 /* Project object */;
}
